// !$*UTF8*$!
{
	archiveVersion = 1;
	classes = {
	};
	objectVersion = 46;
	objects = {

/* Begin PBXBuildFile section */
		01334C9B1D87ECC2004CA6D2 /* main.m in Sources */ = {isa = PBXBuildFile; fileRef = 01334C9A1D87ECC2004CA6D2 /* main.m */; };
		01334C9E1D87ECC2004CA6D2 /* AppDelegate.m in Sources */ = {isa = PBXBuildFile; fileRef = 01334C9D1D87ECC2004CA6D2 /* AppDelegate.m */; };
		01334CA41D87ECC2004CA6D2 /* Main.storyboard in Resources */ = {isa = PBXBuildFile; fileRef = 01334CA21D87ECC2004CA6D2 /* Main.storyboard */; };
		01334CA61D87ECC2004CA6D2 /* Assets.xcassets in Resources */ = {isa = PBXBuildFile; fileRef = 01334CA51D87ECC2004CA6D2 /* Assets.xcassets */; };
		01334CA91D87ECC2004CA6D2 /* LaunchScreen.storyboard in Resources */ = {isa = PBXBuildFile; fileRef = 01334CA71D87ECC2004CA6D2 /* LaunchScreen.storyboard */; };
		01334CB41D87ECC2004CA6D2 /* LYPageViewControllerTestTests.m in Sources */ = {isa = PBXBuildFile; fileRef = 01334CB31D87ECC2004CA6D2 /* LYPageViewControllerTestTests.m */; };
		B1057BCD1D94FC9900AC6F51 /* LYPageCollectionViewCell.m in Sources */ = {isa = PBXBuildFile; fileRef = B1057BCB1D94FC9900AC6F51 /* LYPageCollectionViewCell.m */; };
		B1057BCE1D94FC9900AC6F51 /* LYPageCollectionViewCell.xib in Resources */ = {isa = PBXBuildFile; fileRef = B1057BCC1D94FC9900AC6F51 /* LYPageCollectionViewCell.xib */; };
		B1057BD41D94FFE200AC6F51 /* ViewController.m in Sources */ = {isa = PBXBuildFile; fileRef = B1057BD21D94FFE200AC6F51 /* ViewController.m */; };
		B1057BD71D95007100AC6F51 /* LYPageViewController.m in Sources */ = {isa = PBXBuildFile; fileRef = B1057BD61D95007100AC6F51 /* LYPageViewController.m */; };
		B1057BDA1D95010500AC6F51 /* LYPageView.m in Sources */ = {isa = PBXBuildFile; fileRef = B1057BD91D95010500AC6F51 /* LYPageView.m */; };
		B17D293E1D9B6A8300E8EA5A /* LYStyleThreeTableViewController.m in Sources */ = {isa = PBXBuildFile; fileRef = B17D293D1D9B6A8300E8EA5A /* LYStyleThreeTableViewController.m */; };
		B185DB581D9E01DF00372083 /* LYStyleOneColModelHeaderView.m in Sources */ = {isa = PBXBuildFile; fileRef = B185DB561D9E01DF00372083 /* LYStyleOneColModelHeaderView.m */; };
		B185DB591D9E01DF00372083 /* LYStyleOneColModelHeaderView.xib in Resources */ = {isa = PBXBuildFile; fileRef = B185DB571D9E01DF00372083 /* LYStyleOneColModelHeaderView.xib */; };
		B19ADFAA1D98CB3B002DC18F /* LYBeforeViewController.m in Sources */ = {isa = PBXBuildFile; fileRef = B19ADFA81D98CB3B002DC18F /* LYBeforeViewController.m */; };
		B19ADFAB1D98CB3B002DC18F /* LYBeforeViewController.xib in Resources */ = {isa = PBXBuildFile; fileRef = B19ADFA91D98CB3B002DC18F /* LYBeforeViewController.xib */; };
		B19ADFAF1D98CB6D002DC18F /* LYAfterViewController.m in Sources */ = {isa = PBXBuildFile; fileRef = B19ADFAD1D98CB6D002DC18F /* LYAfterViewController.m */; };
		B19ADFB01D98CB6D002DC18F /* LYAfterViewController.xib in Resources */ = {isa = PBXBuildFile; fileRef = B19ADFAE1D98CB6D002DC18F /* LYAfterViewController.xib */; };
		B19ADFB31D98F11F002DC18F /* LYContentTableViewController.m in Sources */ = {isa = PBXBuildFile; fileRef = B19ADFB21D98F11F002DC18F /* LYContentTableViewController.m */; };
		B1A7FF781D9A110B0022C27D /* LYStyleOneTableViewCell.m in Sources */ = {isa = PBXBuildFile; fileRef = B1A7FF761D9A110B0022C27D /* LYStyleOneTableViewCell.m */; };
		B1A7FF791D9A110B0022C27D /* LYStyleOneTableViewCell.xib in Resources */ = {isa = PBXBuildFile; fileRef = B1A7FF771D9A110B0022C27D /* LYStyleOneTableViewCell.xib */; };
		B1A7FF7C1D9A62060022C27D /* LYStyleOneModel.m in Sources */ = {isa = PBXBuildFile; fileRef = B1A7FF7B1D9A62060022C27D /* LYStyleOneModel.m */; };
		B1EB34D51DAC909B00F338F8 /* LYStyleOneTableSectionHeaderView.m in Sources */ = {isa = PBXBuildFile; fileRef = B1EB34D41DAC909B00F338F8 /* LYStyleOneTableSectionHeaderView.m */; };
		B1EB34D71DAC90C400F338F8 /* LYStyleOneTableSectionHeaderView.xib in Resources */ = {isa = PBXBuildFile; fileRef = B1EB34D61DAC90C400F338F8 /* LYStyleOneTableSectionHeaderView.xib */; };
		B1EB34E31DACD8E700F338F8 /* LYStyleOneTableSectionFooterView.m in Sources */ = {isa = PBXBuildFile; fileRef = B1EB34E21DACD8E700F338F8 /* LYStyleOneTableSectionFooterView.m */; };
		B1EB34E51DACD8F100F338F8 /* LYStyleOneTableSectionFooterView.xib in Resources */ = {isa = PBXBuildFile; fileRef = B1EB34E41DACD8F100F338F8 /* LYStyleOneTableSectionFooterView.xib */; };
/* End PBXBuildFile section */

/* Begin PBXContainerItemProxy section */
		01334CB01D87ECC2004CA6D2 /* PBXContainerItemProxy */ = {
			isa = PBXContainerItemProxy;
			containerPortal = 01334C8E1D87ECC2004CA6D2 /* Project object */;
			proxyType = 1;
			remoteGlobalIDString = 01334C951D87ECC2004CA6D2;
			remoteInfo = LYPageViewControllerTest;
		};
/* End PBXContainerItemProxy section */

/* Begin PBXFileReference section */
		01334C961D87ECC2004CA6D2 /* LYPageViewControllerTest.app */ = {isa = PBXFileReference; explicitFileType = wrapper.application; includeInIndex = 0; path = LYPageViewControllerTest.app; sourceTree = BUILT_PRODUCTS_DIR; };
		01334C9A1D87ECC2004CA6D2 /* main.m */ = {isa = PBXFileReference; lastKnownFileType = sourcecode.c.objc; path = main.m; sourceTree = "<group>"; };
		01334C9C1D87ECC2004CA6D2 /* AppDelegate.h */ = {isa = PBXFileReference; lastKnownFileType = sourcecode.c.h; path = AppDelegate.h; sourceTree = "<group>"; };
		01334C9D1D87ECC2004CA6D2 /* AppDelegate.m */ = {isa = PBXFileReference; lastKnownFileType = sourcecode.c.objc; path = AppDelegate.m; sourceTree = "<group>"; };
		01334CA31D87ECC2004CA6D2 /* Base */ = {isa = PBXFileReference; lastKnownFileType = file.storyboard; name = Base; path = Base.lproj/Main.storyboard; sourceTree = "<group>"; };
		01334CA51D87ECC2004CA6D2 /* Assets.xcassets */ = {isa = PBXFileReference; lastKnownFileType = folder.assetcatalog; path = Assets.xcassets; sourceTree = "<group>"; };
		01334CA81D87ECC2004CA6D2 /* Base */ = {isa = PBXFileReference; lastKnownFileType = file.storyboard; name = Base; path = Base.lproj/LaunchScreen.storyboard; sourceTree = "<group>"; };
		01334CAA1D87ECC2004CA6D2 /* Info.plist */ = {isa = PBXFileReference; lastKnownFileType = text.plist.xml; path = Info.plist; sourceTree = "<group>"; };
		01334CAF1D87ECC2004CA6D2 /* LYPageViewControllerTestTests.xctest */ = {isa = PBXFileReference; explicitFileType = wrapper.cfbundle; includeInIndex = 0; path = LYPageViewControllerTestTests.xctest; sourceTree = BUILT_PRODUCTS_DIR; };
		01334CB31D87ECC2004CA6D2 /* LYPageViewControllerTestTests.m */ = {isa = PBXFileReference; lastKnownFileType = sourcecode.c.objc; path = LYPageViewControllerTestTests.m; sourceTree = "<group>"; };
		01334CB51D87ECC2004CA6D2 /* Info.plist */ = {isa = PBXFileReference; lastKnownFileType = text.plist.xml; path = Info.plist; sourceTree = "<group>"; };
		B1057BCA1D94FC9900AC6F51 /* LYPageCollectionViewCell.h */ = {isa = PBXFileReference; fileEncoding = 4; lastKnownFileType = sourcecode.c.h; path = LYPageCollectionViewCell.h; sourceTree = "<group>"; };
		B1057BCB1D94FC9900AC6F51 /* LYPageCollectionViewCell.m */ = {isa = PBXFileReference; fileEncoding = 4; lastKnownFileType = sourcecode.c.objc; path = LYPageCollectionViewCell.m; sourceTree = "<group>"; };
		B1057BCC1D94FC9900AC6F51 /* LYPageCollectionViewCell.xib */ = {isa = PBXFileReference; fileEncoding = 4; lastKnownFileType = file.xib; path = LYPageCollectionViewCell.xib; sourceTree = "<group>"; };
		B1057BD11D94FFE200AC6F51 /* ViewController.h */ = {isa = PBXFileReference; fileEncoding = 4; lastKnownFileType = sourcecode.c.h; path = ViewController.h; sourceTree = "<group>"; };
		B1057BD21D94FFE200AC6F51 /* ViewController.m */ = {isa = PBXFileReference; fileEncoding = 4; lastKnownFileType = sourcecode.c.objc; path = ViewController.m; sourceTree = "<group>"; };
		B1057BD51D95007100AC6F51 /* LYPageViewController.h */ = {isa = PBXFileReference; fileEncoding = 4; lastKnownFileType = sourcecode.c.h; path = LYPageViewController.h; sourceTree = "<group>"; };
		B1057BD61D95007100AC6F51 /* LYPageViewController.m */ = {isa = PBXFileReference; fileEncoding = 4; lastKnownFileType = sourcecode.c.objc; path = LYPageViewController.m; sourceTree = "<group>"; };
		B1057BD81D95010500AC6F51 /* LYPageView.h */ = {isa = PBXFileReference; fileEncoding = 4; lastKnownFileType = sourcecode.c.h; path = LYPageView.h; sourceTree = "<group>"; };
		B1057BD91D95010500AC6F51 /* LYPageView.m */ = {isa = PBXFileReference; fileEncoding = 4; lastKnownFileType = sourcecode.c.objc; path = LYPageView.m; sourceTree = "<group>"; };
		B17D293C1D9B6A8300E8EA5A /* LYStyleThreeTableViewController.h */ = {isa = PBXFileReference; fileEncoding = 4; lastKnownFileType = sourcecode.c.h; path = LYStyleThreeTableViewController.h; sourceTree = "<group>"; };
		B17D293D1D9B6A8300E8EA5A /* LYStyleThreeTableViewController.m */ = {isa = PBXFileReference; fileEncoding = 4; lastKnownFileType = sourcecode.c.objc; path = LYStyleThreeTableViewController.m; sourceTree = "<group>"; };
		B185DB551D9E01DF00372083 /* LYStyleOneColModelHeaderView.h */ = {isa = PBXFileReference; fileEncoding = 4; lastKnownFileType = sourcecode.c.h; path = LYStyleOneColModelHeaderView.h; sourceTree = "<group>"; };
		B185DB561D9E01DF00372083 /* LYStyleOneColModelHeaderView.m */ = {isa = PBXFileReference; fileEncoding = 4; lastKnownFileType = sourcecode.c.objc; path = LYStyleOneColModelHeaderView.m; sourceTree = "<group>"; };
		B185DB571D9E01DF00372083 /* LYStyleOneColModelHeaderView.xib */ = {isa = PBXFileReference; fileEncoding = 4; lastKnownFileType = file.xib; path = LYStyleOneColModelHeaderView.xib; sourceTree = "<group>"; };
		B19ADFA71D98CB3B002DC18F /* LYBeforeViewController.h */ = {isa = PBXFileReference; fileEncoding = 4; lastKnownFileType = sourcecode.c.h; path = LYBeforeViewController.h; sourceTree = "<group>"; };
		B19ADFA81D98CB3B002DC18F /* LYBeforeViewController.m */ = {isa = PBXFileReference; fileEncoding = 4; lastKnownFileType = sourcecode.c.objc; path = LYBeforeViewController.m; sourceTree = "<group>"; };
		B19ADFA91D98CB3B002DC18F /* LYBeforeViewController.xib */ = {isa = PBXFileReference; fileEncoding = 4; lastKnownFileType = file.xib; path = LYBeforeViewController.xib; sourceTree = "<group>"; };
		B19ADFAC1D98CB6D002DC18F /* LYAfterViewController.h */ = {isa = PBXFileReference; fileEncoding = 4; lastKnownFileType = sourcecode.c.h; path = LYAfterViewController.h; sourceTree = "<group>"; };
		B19ADFAD1D98CB6D002DC18F /* LYAfterViewController.m */ = {isa = PBXFileReference; fileEncoding = 4; lastKnownFileType = sourcecode.c.objc; path = LYAfterViewController.m; sourceTree = "<group>"; };
		B19ADFAE1D98CB6D002DC18F /* LYAfterViewController.xib */ = {isa = PBXFileReference; fileEncoding = 4; lastKnownFileType = file.xib; path = LYAfterViewController.xib; sourceTree = "<group>"; };
		B19ADFB11D98F11F002DC18F /* LYContentTableViewController.h */ = {isa = PBXFileReference; fileEncoding = 4; lastKnownFileType = sourcecode.c.h; path = LYContentTableViewController.h; sourceTree = "<group>"; };
		B19ADFB21D98F11F002DC18F /* LYContentTableViewController.m */ = {isa = PBXFileReference; fileEncoding = 4; lastKnownFileType = sourcecode.c.objc; path = LYContentTableViewController.m; sourceTree = "<group>"; };
		B1A7FF751D9A110B0022C27D /* LYStyleOneTableViewCell.h */ = {isa = PBXFileReference; fileEncoding = 4; lastKnownFileType = sourcecode.c.h; path = LYStyleOneTableViewCell.h; sourceTree = "<group>"; };
		B1A7FF761D9A110B0022C27D /* LYStyleOneTableViewCell.m */ = {isa = PBXFileReference; fileEncoding = 4; lastKnownFileType = sourcecode.c.objc; path = LYStyleOneTableViewCell.m; sourceTree = "<group>"; };
		B1A7FF771D9A110B0022C27D /* LYStyleOneTableViewCell.xib */ = {isa = PBXFileReference; fileEncoding = 4; lastKnownFileType = file.xib; path = LYStyleOneTableViewCell.xib; sourceTree = "<group>"; };
		B1A7FF7A1D9A62060022C27D /* LYStyleOneModel.h */ = {isa = PBXFileReference; fileEncoding = 4; lastKnownFileType = sourcecode.c.h; path = LYStyleOneModel.h; sourceTree = "<group>"; };
		B1A7FF7B1D9A62060022C27D /* LYStyleOneModel.m */ = {isa = PBXFileReference; fileEncoding = 4; lastKnownFileType = sourcecode.c.objc; path = LYStyleOneModel.m; sourceTree = "<group>"; };
		B1EB34D31DAC909B00F338F8 /* LYStyleOneTableSectionHeaderView.h */ = {isa = PBXFileReference; fileEncoding = 4; lastKnownFileType = sourcecode.c.h; path = LYStyleOneTableSectionHeaderView.h; sourceTree = "<group>"; };
		B1EB34D41DAC909B00F338F8 /* LYStyleOneTableSectionHeaderView.m */ = {isa = PBXFileReference; fileEncoding = 4; lastKnownFileType = sourcecode.c.objc; path = LYStyleOneTableSectionHeaderView.m; sourceTree = "<group>"; };
		B1EB34D61DAC90C400F338F8 /* LYStyleOneTableSectionHeaderView.xib */ = {isa = PBXFileReference; fileEncoding = 4; lastKnownFileType = file.xib; path = LYStyleOneTableSectionHeaderView.xib; sourceTree = "<group>"; };
		B1EB34E11DACD8E700F338F8 /* LYStyleOneTableSectionFooterView.h */ = {isa = PBXFileReference; fileEncoding = 4; lastKnownFileType = sourcecode.c.h; path = LYStyleOneTableSectionFooterView.h; sourceTree = "<group>"; };
		B1EB34E21DACD8E700F338F8 /* LYStyleOneTableSectionFooterView.m */ = {isa = PBXFileReference; fileEncoding = 4; lastKnownFileType = sourcecode.c.objc; path = LYStyleOneTableSectionFooterView.m; sourceTree = "<group>"; };
		B1EB34E41DACD8F100F338F8 /* LYStyleOneTableSectionFooterView.xib */ = {isa = PBXFileReference; fileEncoding = 4; lastKnownFileType = file.xib; path = LYStyleOneTableSectionFooterView.xib; sourceTree = "<group>"; };
/* End PBXFileReference section */

/* Begin PBXFrameworksBuildPhase section */
		01334C931D87ECC2004CA6D2 /* Frameworks */ = {
			isa = PBXFrameworksBuildPhase;
			buildActionMask = 2147483647;
			files = (
			);
			runOnlyForDeploymentPostprocessing = 0;
		};
		01334CAC1D87ECC2004CA6D2 /* Frameworks */ = {
			isa = PBXFrameworksBuildPhase;
			buildActionMask = 2147483647;
			files = (
			);
			runOnlyForDeploymentPostprocessing = 0;
		};
/* End PBXFrameworksBuildPhase section */

/* Begin PBXGroup section */
		01334C8D1D87ECC2004CA6D2 = {
			isa = PBXGroup;
			children = (
				01334C981D87ECC2004CA6D2 /* LYPageViewControllerTest */,
				01334CB21D87ECC2004CA6D2 /* LYPageViewControllerTestTests */,
				01334C971D87ECC2004CA6D2 /* Products */,
			);
			sourceTree = "<group>";
		};
		01334C971D87ECC2004CA6D2 /* Products */ = {
			isa = PBXGroup;
			children = (
				01334C961D87ECC2004CA6D2 /* LYPageViewControllerTest.app */,
				01334CAF1D87ECC2004CA6D2 /* LYPageViewControllerTestTests.xctest */,
			);
			name = Products;
			sourceTree = "<group>";
		};
		01334C981D87ECC2004CA6D2 /* LYPageViewControllerTest */ = {
			isa = PBXGroup;
			children = (
				01334CC71D87F10F004CA6D2 /* LYPageViewController */,
				01334CBE1D87EE71004CA6D2 /* Model */,
				B19ADFA01D98C12B002DC18F /* Views */,
				01334CBF1D87EE71004CA6D2 /* ViewControllers */,
				01334C9C1D87ECC2004CA6D2 /* AppDelegate.h */,
				01334C9D1D87ECC2004CA6D2 /* AppDelegate.m */,
				01334CA21D87ECC2004CA6D2 /* Main.storyboard */,
				01334CA51D87ECC2004CA6D2 /* Assets.xcassets */,
				01334CA71D87ECC2004CA6D2 /* LaunchScreen.storyboard */,
				01334CAA1D87ECC2004CA6D2 /* Info.plist */,
				01334C991D87ECC2004CA6D2 /* Supporting Files */,
			);
			path = LYPageViewControllerTest;
			sourceTree = "<group>";
		};
		01334C991D87ECC2004CA6D2 /* Supporting Files */ = {
			isa = PBXGroup;
			children = (
				01334C9A1D87ECC2004CA6D2 /* main.m */,
			);
			name = "Supporting Files";
			sourceTree = "<group>";
		};
		01334CB21D87ECC2004CA6D2 /* LYPageViewControllerTestTests */ = {
			isa = PBXGroup;
			children = (
				01334CB31D87ECC2004CA6D2 /* LYPageViewControllerTestTests.m */,
				01334CB51D87ECC2004CA6D2 /* Info.plist */,
			);
			path = LYPageViewControllerTestTests;
			sourceTree = "<group>";
		};
		01334CBE1D87EE71004CA6D2 /* Model */ = {
			isa = PBXGroup;
			children = (
				B1A7FF7A1D9A62060022C27D /* LYStyleOneModel.h */,
				B1A7FF7B1D9A62060022C27D /* LYStyleOneModel.m */,
			);
			path = Model;
			sourceTree = "<group>";
		};
		01334CBF1D87EE71004CA6D2 /* ViewControllers */ = {
			isa = PBXGroup;
			children = (
				B19ADFA61D98CB17002DC18F /* StyleTwo */,
				B17D293B1D9B6A5500E8EA5A /* StyleThree */,
				B1057BD11D94FFE200AC6F51 /* ViewController.h */,
				B1057BD21D94FFE200AC6F51 /* ViewController.m */,
			);
			path = ViewControllers;
			sourceTree = "<group>";
		};
		01334CC71D87F10F004CA6D2 /* LYPageViewController */ = {
			isa = PBXGroup;
			children = (
				B1057BC91D94FC9900AC6F51 /* Views */,
				01334CC81D87F10F004CA6D2 /* Model */,
				01334CC91D87F10F004CA6D2 /* ViewControllers */,
			);
			path = LYPageViewController;
			sourceTree = "<group>";
		};
		01334CC81D87F10F004CA6D2 /* Model */ = {
			isa = PBXGroup;
			children = (
			);
			path = Model;
			sourceTree = "<group>";
		};
		01334CC91D87F10F004CA6D2 /* ViewControllers */ = {
			isa = PBXGroup;
			children = (
				B1057BD51D95007100AC6F51 /* LYPageViewController.h */,
				B1057BD61D95007100AC6F51 /* LYPageViewController.m */,
			);
			path = ViewControllers;
			sourceTree = "<group>";
		};
		B1057BC91D94FC9900AC6F51 /* Views */ = {
			isa = PBXGroup;
			children = (
				B1057BD81D95010500AC6F51 /* LYPageView.h */,
				B1057BD91D95010500AC6F51 /* LYPageView.m */,
				B1057BCA1D94FC9900AC6F51 /* LYPageCollectionViewCell.h */,
				B1057BCB1D94FC9900AC6F51 /* LYPageCollectionViewCell.m */,
				B1057BCC1D94FC9900AC6F51 /* LYPageCollectionViewCell.xib */,
			);
			path = Views;
			sourceTree = "<group>";
		};
		B17D293B1D9B6A5500E8EA5A /* StyleThree */ = {
			isa = PBXGroup;
			children = (
				B17D293C1D9B6A8300E8EA5A /* LYStyleThreeTableViewController.h */,
				B17D293D1D9B6A8300E8EA5A /* LYStyleThreeTableViewController.m */,
			);
			path = StyleThree;
			sourceTree = "<group>";
		};
		B19ADFA01D98C12B002DC18F /* Views */ = {
			isa = PBXGroup;
			children = (
				B1A7FF741D9A10ED0022C27D /* StyleOne */,
			);
			path = Views;
			sourceTree = "<group>";
		};
		B19ADFA61D98CB17002DC18F /* StyleTwo */ = {
			isa = PBXGroup;
			children = (
				B19ADFA71D98CB3B002DC18F /* LYBeforeViewController.h */,
				B19ADFA81D98CB3B002DC18F /* LYBeforeViewController.m */,
				B19ADFA91D98CB3B002DC18F /* LYBeforeViewController.xib */,
				B19ADFAC1D98CB6D002DC18F /* LYAfterViewController.h */,
				B19ADFAD1D98CB6D002DC18F /* LYAfterViewController.m */,
				B19ADFAE1D98CB6D002DC18F /* LYAfterViewController.xib */,
				B19ADFB11D98F11F002DC18F /* LYContentTableViewController.h */,
				B19ADFB21D98F11F002DC18F /* LYContentTableViewController.m */,
			);
			path = StyleTwo;
			sourceTree = "<group>";
		};
		B1A7FF741D9A10ED0022C27D /* StyleOne */ = {
			isa = PBXGroup;
			children = (
				B1EB34D31DAC909B00F338F8 /* LYStyleOneTableSectionHeaderView.h */,
				B1EB34D41DAC909B00F338F8 /* LYStyleOneTableSectionHeaderView.m */,
				B1EB34D61DAC90C400F338F8 /* LYStyleOneTableSectionHeaderView.xib */,
				B1EB34E11DACD8E700F338F8 /* LYStyleOneTableSectionFooterView.h */,
				B1EB34E21DACD8E700F338F8 /* LYStyleOneTableSectionFooterView.m */,
				B1EB34E41DACD8F100F338F8 /* LYStyleOneTableSectionFooterView.xib */,
				B1A7FF751D9A110B0022C27D /* LYStyleOneTableViewCell.h */,
				B1A7FF761D9A110B0022C27D /* LYStyleOneTableViewCell.m */,
				B1A7FF771D9A110B0022C27D /* LYStyleOneTableViewCell.xib */,
				B185DB551D9E01DF00372083 /* LYStyleOneColModelHeaderView.h */,
				B185DB561D9E01DF00372083 /* LYStyleOneColModelHeaderView.m */,
				B185DB571D9E01DF00372083 /* LYStyleOneColModelHeaderView.xib */,
			);
			path = StyleOne;
			sourceTree = "<group>";
		};
/* End PBXGroup section */

/* Begin PBXNativeTarget section */
		01334C951D87ECC2004CA6D2 /* LYPageViewControllerTest */ = {
			isa = PBXNativeTarget;
			buildConfigurationList = 01334CB81D87ECC2004CA6D2 /* Build configuration list for PBXNativeTarget "LYPageViewControllerTest" */;
			buildPhases = (
				01334C921D87ECC2004CA6D2 /* Sources */,
				01334C931D87ECC2004CA6D2 /* Frameworks */,
				01334C941D87ECC2004CA6D2 /* Resources */,
			);
			buildRules = (
			);
			dependencies = (
			);
			name = LYPageViewControllerTest;
			productName = LYPageViewControllerTest;
			productReference = 01334C961D87ECC2004CA6D2 /* LYPageViewControllerTest.app */;
			productType = "com.apple.product-type.application";
		};
		01334CAE1D87ECC2004CA6D2 /* LYPageViewControllerTestTests */ = {
			isa = PBXNativeTarget;
			buildConfigurationList = 01334CBB1D87ECC2004CA6D2 /* Build configuration list for PBXNativeTarget "LYPageViewControllerTestTests" */;
			buildPhases = (
				01334CAB1D87ECC2004CA6D2 /* Sources */,
				01334CAC1D87ECC2004CA6D2 /* Frameworks */,
				01334CAD1D87ECC2004CA6D2 /* Resources */,
			);
			buildRules = (
			);
			dependencies = (
				01334CB11D87ECC2004CA6D2 /* PBXTargetDependency */,
			);
			name = LYPageViewControllerTestTests;
			productName = LYPageViewControllerTestTests;
			productReference = 01334CAF1D87ECC2004CA6D2 /* LYPageViewControllerTestTests.xctest */;
			productType = "com.apple.product-type.bundle.unit-test";
		};
/* End PBXNativeTarget section */

/* Begin PBXProject section */
		01334C8E1D87ECC2004CA6D2 /* Project object */ = {
			isa = PBXProject;
			attributes = {
				LastUpgradeCheck = 0730;
				ORGANIZATIONNAME = li_yong;
				TargetAttributes = {
					01334C951D87ECC2004CA6D2 = {
						CreatedOnToolsVersion = 7.3.1;
					};
					01334CAE1D87ECC2004CA6D2 = {
						CreatedOnToolsVersion = 7.3.1;
						TestTargetID = 01334C951D87ECC2004CA6D2;
					};
				};
			};
			buildConfigurationList = 01334C911D87ECC2004CA6D2 /* Build configuration list for PBXProject "LYPageViewControllerTest" */;
			compatibilityVersion = "Xcode 3.2";
			developmentRegion = English;
			hasScannedForEncodings = 0;
			knownRegions = (
				en,
				Base,
			);
			mainGroup = 01334C8D1D87ECC2004CA6D2;
			productRefGroup = 01334C971D87ECC2004CA6D2 /* Products */;
			projectDirPath = "";
			projectRoot = "";
			targets = (
				01334C951D87ECC2004CA6D2 /* LYPageViewControllerTest */,
				01334CAE1D87ECC2004CA6D2 /* LYPageViewControllerTestTests */,
			);
		};
/* End PBXProject section */

/* Begin PBXResourcesBuildPhase section */
		01334C941D87ECC2004CA6D2 /* Resources */ = {
			isa = PBXResourcesBuildPhase;
			buildActionMask = 2147483647;
			files = (
				B1EB34E51DACD8F100F338F8 /* LYStyleOneTableSectionFooterView.xib in Resources */,
				B185DB591D9E01DF00372083 /* LYStyleOneColModelHeaderView.xib in Resources */,
				B19ADFAB1D98CB3B002DC18F /* LYBeforeViewController.xib in Resources */,
				01334CA91D87ECC2004CA6D2 /* LaunchScreen.storyboard in Resources */,
				01334CA61D87ECC2004CA6D2 /* Assets.xcassets in Resources */,
				B19ADFB01D98CB6D002DC18F /* LYAfterViewController.xib in Resources */,
				B1EB34D71DAC90C400F338F8 /* LYStyleOneTableSectionHeaderView.xib in Resources */,
				B1A7FF791D9A110B0022C27D /* LYStyleOneTableViewCell.xib in Resources */,
				B1057BCE1D94FC9900AC6F51 /* LYPageCollectionViewCell.xib in Resources */,
				01334CA41D87ECC2004CA6D2 /* Main.storyboard in Resources */,
			);
			runOnlyForDeploymentPostprocessing = 0;
		};
		01334CAD1D87ECC2004CA6D2 /* Resources */ = {
			isa = PBXResourcesBuildPhase;
			buildActionMask = 2147483647;
			files = (
			);
			runOnlyForDeploymentPostprocessing = 0;
		};
/* End PBXResourcesBuildPhase section */

/* Begin PBXSourcesBuildPhase section */
		01334C921D87ECC2004CA6D2 /* Sources */ = {
			isa = PBXSourcesBuildPhase;
			buildActionMask = 2147483647;
			files = (
				B19ADFB31D98F11F002DC18F /* LYContentTableViewController.m in Sources */,
				B1057BD41D94FFE200AC6F51 /* ViewController.m in Sources */,
				B1EB34D51DAC909B00F338F8 /* LYStyleOneTableSectionHeaderView.m in Sources */,
				B1057BD71D95007100AC6F51 /* LYPageViewController.m in Sources */,
				B19ADFAF1D98CB6D002DC18F /* LYAfterViewController.m in Sources */,
				B19ADFAA1D98CB3B002DC18F /* LYBeforeViewController.m in Sources */,
				B1A7FF781D9A110B0022C27D /* LYStyleOneTableViewCell.m in Sources */,
				B1057BDA1D95010500AC6F51 /* LYPageView.m in Sources */,
				01334C9E1D87ECC2004CA6D2 /* AppDelegate.m in Sources */,
				B1A7FF7C1D9A62060022C27D /* LYStyleOneModel.m in Sources */,
				B1EB34E31DACD8E700F338F8 /* LYStyleOneTableSectionFooterView.m in Sources */,
				B1057BCD1D94FC9900AC6F51 /* LYPageCollectionViewCell.m in Sources */,
				01334C9B1D87ECC2004CA6D2 /* main.m in Sources */,
				B185DB581D9E01DF00372083 /* LYStyleOneColModelHeaderView.m in Sources */,
				B17D293E1D9B6A8300E8EA5A /* LYStyleThreeTableViewController.m in Sources */,
			);
			runOnlyForDeploymentPostprocessing = 0;
		};
		01334CAB1D87ECC2004CA6D2 /* Sources */ = {
			isa = PBXSourcesBuildPhase;
			buildActionMask = 2147483647;
			files = (
				01334CB41D87ECC2004CA6D2 /* LYPageViewControllerTestTests.m in Sources */,
			);
			runOnlyForDeploymentPostprocessing = 0;
		};
/* End PBXSourcesBuildPhase section */

/* Begin PBXTargetDependency section */
		01334CB11D87ECC2004CA6D2 /* PBXTargetDependency */ = {
			isa = PBXTargetDependency;
			target = 01334C951D87ECC2004CA6D2 /* LYPageViewControllerTest */;
			targetProxy = 01334CB01D87ECC2004CA6D2 /* PBXContainerItemProxy */;
		};
/* End PBXTargetDependency section */

/* Begin PBXVariantGroup section */
		01334CA21D87ECC2004CA6D2 /* Main.storyboard */ = {
			isa = PBXVariantGroup;
			children = (
				01334CA31D87ECC2004CA6D2 /* Base */,
			);
			name = Main.storyboard;
			sourceTree = "<group>";
		};
		01334CA71D87ECC2004CA6D2 /* LaunchScreen.storyboard */ = {
			isa = PBXVariantGroup;
			children = (
				01334CA81D87ECC2004CA6D2 /* Base */,
			);
			name = LaunchScreen.storyboard;
			sourceTree = "<group>";
		};
/* End PBXVariantGroup section */

/* Begin XCBuildConfiguration section */
		01334CB61D87ECC2004CA6D2 /* Debug */ = {
			isa = XCBuildConfiguration;
			buildSettings = {
				ALWAYS_SEARCH_USER_PATHS = NO;
				CLANG_ANALYZER_NONNULL = YES;
				CLANG_CXX_LANGUAGE_STANDARD = "gnu++0x";
				CLANG_CXX_LIBRARY = "libc++";
				CLANG_ENABLE_MODULES = YES;
				CLANG_ENABLE_OBJC_ARC = YES;
				CLANG_WARN_BOOL_CONVERSION = YES;
				CLANG_WARN_CONSTANT_CONVERSION = YES;
				CLANG_WARN_DIRECT_OBJC_ISA_USAGE = YES_ERROR;
				CLANG_WARN_EMPTY_BODY = YES;
				CLANG_WARN_ENUM_CONVERSION = YES;
				CLANG_WARN_INT_CONVERSION = YES;
				CLANG_WARN_OBJC_ROOT_CLASS = YES_ERROR;
				CLANG_WARN_UNREACHABLE_CODE = YES;
				CLANG_WARN__DUPLICATE_METHOD_MATCH = YES;
				"CODE_SIGN_IDENTITY[sdk=iphoneos*]" = "iPhone Developer";
				COPY_PHASE_STRIP = NO;
				DEBUG_INFORMATION_FORMAT = dwarf;
				ENABLE_STRICT_OBJC_MSGSEND = YES;
				ENABLE_TESTABILITY = YES;
				GCC_C_LANGUAGE_STANDARD = gnu99;
				GCC_DYNAMIC_NO_PIC = NO;
				GCC_NO_COMMON_BLOCKS = YES;
				GCC_OPTIMIZATION_LEVEL = 0;
				GCC_PREPROCESSOR_DEFINITIONS = (
					"DEBUG=1",
					"$(inherited)",
				);
				GCC_WARN_64_TO_32_BIT_CONVERSION = YES;
				GCC_WARN_ABOUT_RETURN_TYPE = YES_ERROR;
				GCC_WARN_UNDECLARED_SELECTOR = YES;
				GCC_WARN_UNINITIALIZED_AUTOS = YES_AGGRESSIVE;
				GCC_WARN_UNUSED_FUNCTION = YES;
				GCC_WARN_UNUSED_VARIABLE = YES;
				IPHONEOS_DEPLOYMENT_TARGET = 9.3;
				MTL_ENABLE_DEBUG_INFO = YES;
				ONLY_ACTIVE_ARCH = YES;
				SDKROOT = iphoneos;
			};
			name = Debug;
		};
		01334CB71D87ECC2004CA6D2 /* Release */ = {
			isa = XCBuildConfiguration;
			buildSettings = {
				ALWAYS_SEARCH_USER_PATHS = NO;
				CLANG_ANALYZER_NONNULL = YES;
				CLANG_CXX_LANGUAGE_STANDARD = "gnu++0x";
				CLANG_CXX_LIBRARY = "libc++";
				CLANG_ENABLE_MODULES = YES;
				CLANG_ENABLE_OBJC_ARC = YES;
				CLANG_WARN_BOOL_CONVERSION = YES;
				CLANG_WARN_CONSTANT_CONVERSION = YES;
				CLANG_WARN_DIRECT_OBJC_ISA_USAGE = YES_ERROR;
				CLANG_WARN_EMPTY_BODY = YES;
				CLANG_WARN_ENUM_CONVERSION = YES;
				CLANG_WARN_INT_CONVERSION = YES;
				CLANG_WARN_OBJC_ROOT_CLASS = YES_ERROR;
				CLANG_WARN_UNREACHABLE_CODE = YES;
				CLANG_WARN__DUPLICATE_METHOD_MATCH = YES;
				"CODE_SIGN_IDENTITY[sdk=iphoneos*]" = "iPhone Developer";
				COPY_PHASE_STRIP = NO;
				DEBUG_INFORMATION_FORMAT = "dwarf-with-dsym";
				ENABLE_NS_ASSERTIONS = NO;
				ENABLE_STRICT_OBJC_MSGSEND = YES;
				GCC_C_LANGUAGE_STANDARD = gnu99;
				GCC_NO_COMMON_BLOCKS = YES;
				GCC_WARN_64_TO_32_BIT_CONVERSION = YES;
				GCC_WARN_ABOUT_RETURN_TYPE = YES_ERROR;
				GCC_WARN_UNDECLARED_SELECTOR = YES;
				GCC_WARN_UNINITIALIZED_AUTOS = YES_AGGRESSIVE;
				GCC_WARN_UNUSED_FUNCTION = YES;
				GCC_WARN_UNUSED_VARIABLE = YES;
				IPHONEOS_DEPLOYMENT_TARGET = 9.3;
				MTL_ENABLE_DEBUG_INFO = NO;
				SDKROOT = iphoneos;
				VALIDATE_PRODUCT = YES;
			};
			name = Release;
		};
		01334CB91D87ECC2004CA6D2 /* Debug */ = {
			isa = XCBuildConfiguration;
			buildSettings = {
				ASSETCATALOG_COMPILER_APPICON_NAME = AppIcon;
				CODE_SIGN_IDENTITY = "iPhone Developer: chenlong ma (ZYAD29Q655)";
				INFOPLIST_FILE = LYPageViewControllerTest/Info.plist;
				LD_RUNPATH_SEARCH_PATHS = "$(inherited) @executable_path/Frameworks";
				PRODUCT_BUNDLE_IDENTIFIER = com.zhiyoumeiyh.meiye;
				PRODUCT_NAME = "$(TARGET_NAME)";
				PROVISIONING_PROFILE = "b26be62d-9e87-4c3d-99b1-e0459fc0f828";
			};
			name = Debug;
		};
		01334CBA1D87ECC2004CA6D2 /* Release */ = {
			isa = XCBuildConfiguration;
			buildSettings = {
				ASSETCATALOG_COMPILER_APPICON_NAME = AppIcon;
				CODE_SIGN_IDENTITY = "iPhone Developer: chenlong ma (ZYAD29Q655)";
				INFOPLIST_FILE = LYPageViewControllerTest/Info.plist;
				LD_RUNPATH_SEARCH_PATHS = "$(inherited) @executable_path/Frameworks";
				PRODUCT_BUNDLE_IDENTIFIER = com.zhiyoumeiyh.meiye;
				PRODUCT_NAME = "$(TARGET_NAME)";
				PROVISIONING_PROFILE = "b26be62d-9e87-4c3d-99b1-e0459fc0f828";
			};
			name = Release;
		};
		01334CBC1D87ECC2004CA6D2 /* Debug */ = {
			isa = XCBuildConfiguration;
			buildSettings = {
				BUNDLE_LOADER = "$(TEST_HOST)";
				INFOPLIST_FILE = LYPageViewControllerTestTests/Info.plist;
				LD_RUNPATH_SEARCH_PATHS = "$(inherited) @executable_path/Frameworks @loader_path/Frameworks";
				PRODUCT_BUNDLE_IDENTIFIER = info.luichi.LYPageViewControllerTestTests;
				PRODUCT_NAME = "$(TARGET_NAME)";
				TEST_HOST = "$(BUILT_PRODUCTS_DIR)/LYPageViewControllerTest.app/LYPageViewControllerTest";
			};
			name = Debug;
		};
		01334CBD1D87ECC2004CA6D2 /* Release */ = {
			isa = XCBuildConfiguration;
			buildSettings = {
				BUNDLE_LOADER = "$(TEST_HOST)";
				INFOPLIST_FILE = LYPageViewControllerTestTests/Info.plist;
				LD_RUNPATH_SEARCH_PATHS = "$(inherited) @executable_path/Frameworks @loader_path/Frameworks";
				PRODUCT_BUNDLE_IDENTIFIER = info.luichi.LYPageViewControllerTestTests;
				PRODUCT_NAME = "$(TARGET_NAME)";
				TEST_HOST = "$(BUILT_PRODUCTS_DIR)/LYPageViewControllerTest.app/LYPageViewControllerTest";
			};
			name = Release;
		};
/* End XCBuildConfiguration section */

/* Begin XCConfigurationList section */
		01334C911D87ECC2004CA6D2 /* Build configuration list for PBXProject "LYPageViewControllerTest" */ = {
			isa = XCConfigurationList;
			buildConfigurations = (
				01334CB61D87ECC2004CA6D2 /* Debug */,
				01334CB71D87ECC2004CA6D2 /* Release */,
			);
			defaultConfigurationIsVisible = 0;
			defaultConfigurationName = Release;
		};
		01334CB81D87ECC2004CA6D2 /* Build configuration list for PBXNativeTarget "LYPageViewControllerTest" */ = {
			isa = XCConfigurationList;
			buildConfigurations = (
				01334CB91D87ECC2004CA6D2 /* Debug */,
				01334CBA1D87ECC2004CA6D2 /* Release */,
			);
			defaultConfigurationIsVisible = 0;
			defaultConfigurationName = Release;
		};
		01334CBB1D87ECC2004CA6D2 /* Build configuration list for PBXNativeTarget "LYPageViewControllerTestTests" */ = {
			isa = XCConfigurationList;
			buildConfigurations = (
				01334CBC1D87ECC2004CA6D2 /* Debug */,
				01334CBD1D87ECC2004CA6D2 /* Release */,
			);
			defaultConfigurationIsVisible = 0;
			defaultConfigurationName = Release;
		};
/* End XCConfigurationList section */
	};
	rootObject = 01334C8E1D87ECC2004CA6D2 /* Project object */;
}
